
Microsoft Visual Studio Solution File, Format Version 12.00
# Visual Studio Version 17
VisualStudioVersion = 17.6.33815.320
MinimumVisualStudioVersion = 10.0.40219.1
Project("{FAE04EC0-301F-11D3-BF4B-00C04F79EFBC}") = "ExitWindowsEx", "ExitWindowsEx\ExitWindowsEx.csproj", "{4F293D55-837A-4FC1-A378-043F1AC00C05}"
EndProject
Global
	GlobalSection(SolutionConfigurationPlatforms) = preSolution
		Debug|Any CPU = Debug|Any CPU
		Release|Any CPU = Release|Any CPU
	EndGlobalSection
	GlobalSection(ProjectConfigurationPlatforms) = postSolution
		{4F293D55-837A-4FC1-A378-043F1AC00C05}.Debug|Any CPU.ActiveCfg = Debug|Any CPU
		{4F293D55-837A-4FC1-A378-043F1AC00C05}.Debug|Any CPU.Build.0 = Debug|Any CPU
		{4F293D55-837A-4FC1-A378-043F1AC00C05}.Release|Any CPU.ActiveCfg = Release|Any CPU
		{4F293D55-837A-4FC1-A378-043F1AC00C05}.Release|Any CPU.Build.0 = Release|Any CPU
	EndGlobalSection
	GlobalSection(SolutionProperties) = preSolution
		HideSolutionNode = FALSE
	EndGlobalSection
	GlobalSection(ExtensibilityGlobals) = postSolution
		SolutionGuid = {F373A47C-827F-45BC-87B9-20455A68BB9C}
	EndGlobalSection
EndGlobal
